
Microsoft Visual Studio Solution File, Format Version 12.00
# Visual Studio Version 17
VisualStudioVersion = 17.9.34622.214
MinimumVisualStudioVersion = 10.0.40219.1
Project("{FAE04EC0-301F-11D3-BF4B-00C04F79EFBC}") = "EmployeeSystemMangement.PL", "EmployeeSystemMangement.PL\EmployeeSystemMangement.PL.csproj", "{7A48BC61-46A9-45AD-B78C-25D3CAAA856A}"
EndProject
Project("{FAE04EC0-301F-11D3-BF4B-00C04F79EFBC}") = "EmployeeSystemMangement.DAL", "EmployeeSystemMangement.DAL\EmployeeSystemMangement.DAL.csproj", "{5593F809-FBB3-41EF-ADE6-AEABDD103CF7}"
EndProject
Project("{FAE04EC0-301F-11D3-BF4B-00C04F79EFBC}") = "EmployeeSystemMangement.BLL", "EmployeeSystemMangement.BLL\EmployeeSystemMangement.BLL.csproj", "{C04CDDD5-89C4-4EA7-B1AC-ECD301E50233}"
EndProject
Global
	GlobalSection(SolutionConfigurationPlatforms) = preSolution
		Debug|Any CPU = Debug|Any CPU
		Release|Any CPU = Release|Any CPU
	EndGlobalSection
	GlobalSection(ProjectConfigurationPlatforms) = postSolution
		{7A48BC61-46A9-45AD-B78C-25D3CAAA856A}.Debug|Any CPU.ActiveCfg = Debug|Any CPU
		{7A48BC61-46A9-45AD-B78C-25D3CAAA856A}.Debug|Any CPU.Build.0 = Debug|Any CPU
		{7A48BC61-46A9-45AD-B78C-25D3CAAA856A}.Release|Any CPU.ActiveCfg = Release|Any CPU
		{7A48BC61-46A9-45AD-B78C-25D3CAAA856A}.Release|Any CPU.Build.0 = Release|Any CPU
		{5593F809-FBB3-41EF-ADE6-AEABDD103CF7}.Debug|Any CPU.ActiveCfg = Debug|Any CPU
		{5593F809-FBB3-41EF-ADE6-AEABDD103CF7}.Debug|Any CPU.Build.0 = Debug|Any CPU
		{5593F809-FBB3-41EF-ADE6-AEABDD103CF7}.Release|Any CPU.ActiveCfg = Release|Any CPU
		{5593F809-FBB3-41EF-ADE6-AEABDD103CF7}.Release|Any CPU.Build.0 = Release|Any CPU
		{C04CDDD5-89C4-4EA7-B1AC-ECD301E50233}.Debug|Any CPU.ActiveCfg = Debug|Any CPU
		{C04CDDD5-89C4-4EA7-B1AC-ECD301E50233}.Debug|Any CPU.Build.0 = Debug|Any CPU
		{C04CDDD5-89C4-4EA7-B1AC-ECD301E50233}.Release|Any CPU.ActiveCfg = Release|Any CPU
		{C04CDDD5-89C4-4EA7-B1AC-ECD301E50233}.Release|Any CPU.Build.0 = Release|Any CPU
	EndGlobalSection
	GlobalSection(SolutionProperties) = preSolution
		HideSolutionNode = FALSE
	EndGlobalSection
	GlobalSection(ExtensibilityGlobals) = postSolution
		SolutionGuid = {FBA514DA-EEC0-4009-9E27-070CA820677A}
	EndGlobalSection
EndGlobal
